
Microsoft Visual Studio Solution File, Format Version 12.00
# Visual Studio 15
Project("{FAE04EC0-301F-11D3-BF4B-00C04F79EFBC}") = "GoogleMobileAds", "GoogleMobileAds.csproj", "{EEDC63BD-3F84-0107-B1C2-CEB25BF29CE5}"
EndProject
Project("{FAE04EC0-301F-11D3-BF4B-00C04F79EFBC}") = "Assembly-CSharp", "Assembly-CSharp.csproj", "{D04E8D05-6758-F355-021F-1D3A11CB6601}"
EndProject
Project("{FAE04EC0-301F-11D3-BF4B-00C04F79EFBC}") = "TTWebGL", "TTWebGL.csproj", "{555B080C-D7BE-B135-3092-F694F44ED8FD}"
EndProject
Project("{FAE04EC0-301F-11D3-BF4B-00C04F79EFBC}") = "TTLitJson", "TTLitJson.csproj", "{D18187E6-C0B6-7CC4-96CE-81232F25F8F2}"
EndProject
Project("{FAE04EC0-301F-11D3-BF4B-00C04F79EFBC}") = "Assembly-CSharp-Editor", "Assembly-CSharp-Editor.csproj", "{CD577B3E-4FC7-EE89-8314-B356A6344599}"
EndProject
Project("{FAE04EC0-301F-11D3-BF4B-00C04F79EFBC}") = "com.bytedance.ttsdk-editor", "com.bytedance.ttsdk-editor.csproj", "{B0E98F20-A3A6-B0C8-CA94-B23B40648B91}"
EndProject
Project("{FAE04EC0-301F-11D3-BF4B-00C04F79EFBC}") = "GoogleMobileAds.Editor", "GoogleMobileAds.Editor.csproj", "{8666C8DB-313C-39D8-555D-97C6AD98E149}"
EndProject
Global
	GlobalSection(SolutionConfigurationPlatforms) = preSolution
		Debug|Any CPU = Debug|Any CPU
		Release|Any CPU = Release|Any CPU
	EndGlobalSection
	GlobalSection(ProjectConfigurationPlatforms) = postSolution
		{EEDC63BD-3F84-0107-B1C2-CEB25BF29CE5}.Debug|Any CPU.ActiveCfg = Debug|Any CPU
		{EEDC63BD-3F84-0107-B1C2-CEB25BF29CE5}.Debug|Any CPU.Build.0 = Debug|Any CPU
		{EEDC63BD-3F84-0107-B1C2-CEB25BF29CE5}.Release|Any CPU.ActiveCfg = Release|Any CPU
		{EEDC63BD-3F84-0107-B1C2-CEB25BF29CE5}.Release|Any CPU.Build.0 = Release|Any CPU
		{D04E8D05-6758-F355-021F-1D3A11CB6601}.Debug|Any CPU.ActiveCfg = Debug|Any CPU
		{D04E8D05-6758-F355-021F-1D3A11CB6601}.Debug|Any CPU.Build.0 = Debug|Any CPU
		{D04E8D05-6758-F355-021F-1D3A11CB6601}.Release|Any CPU.ActiveCfg = Release|Any CPU
		{D04E8D05-6758-F355-021F-1D3A11CB6601}.Release|Any CPU.Build.0 = Release|Any CPU
		{555B080C-D7BE-B135-3092-F694F44ED8FD}.Debug|Any CPU.ActiveCfg = Debug|Any CPU
		{555B080C-D7BE-B135-3092-F694F44ED8FD}.Debug|Any CPU.Build.0 = Debug|Any CPU
		{555B080C-D7BE-B135-3092-F694F44ED8FD}.Release|Any CPU.ActiveCfg = Release|Any CPU
		{555B080C-D7BE-B135-3092-F694F44ED8FD}.Release|Any CPU.Build.0 = Release|Any CPU
		{D18187E6-C0B6-7CC4-96CE-81232F25F8F2}.Debug|Any CPU.ActiveCfg = Debug|Any CPU
		{D18187E6-C0B6-7CC4-96CE-81232F25F8F2}.Debug|Any CPU.Build.0 = Debug|Any CPU
		{D18187E6-C0B6-7CC4-96CE-81232F25F8F2}.Release|Any CPU.ActiveCfg = Release|Any CPU
		{D18187E6-C0B6-7CC4-96CE-81232F25F8F2}.Release|Any CPU.Build.0 = Release|Any CPU
		{CD577B3E-4FC7-EE89-8314-B356A6344599}.Debug|Any CPU.ActiveCfg = Debug|Any CPU
		{CD577B3E-4FC7-EE89-8314-B356A6344599}.Debug|Any CPU.Build.0 = Debug|Any CPU
		{CD577B3E-4FC7-EE89-8314-B356A6344599}.Release|Any CPU.ActiveCfg = Release|Any CPU
		{CD577B3E-4FC7-EE89-8314-B356A6344599}.Release|Any CPU.Build.0 = Release|Any CPU
		{B0E98F20-A3A6-B0C8-CA94-B23B40648B91}.Debug|Any CPU.ActiveCfg = Debug|Any CPU
		{B0E98F20-A3A6-B0C8-CA94-B23B40648B91}.Debug|Any CPU.Build.0 = Debug|Any CPU
		{B0E98F20-A3A6-B0C8-CA94-B23B40648B91}.Release|Any CPU.ActiveCfg = Release|Any CPU
		{B0E98F20-A3A6-B0C8-CA94-B23B40648B91}.Release|Any CPU.Build.0 = Release|Any CPU
		{8666C8DB-313C-39D8-555D-97C6AD98E149}.Debug|Any CPU.ActiveCfg = Debug|Any CPU
		{8666C8DB-313C-39D8-555D-97C6AD98E149}.Debug|Any CPU.Build.0 = Debug|Any CPU
		{8666C8DB-313C-39D8-555D-97C6AD98E149}.Release|Any CPU.ActiveCfg = Release|Any CPU
		{8666C8DB-313C-39D8-555D-97C6AD98E149}.Release|Any CPU.Build.0 = Release|Any CPU
	EndGlobalSection
	GlobalSection(SolutionProperties) = preSolution
		HideSolutionNode = FALSE
	EndGlobalSection
EndGlobal
